PODS:
  - Pilgrim (2.2.1)
  - SDWebImage (5.4.2):
    - SDWebImage/Core (= 5.4.2)
  - SDWebImage/Core (5.4.2)

DEPENDENCIES:
  - Pilgrim (~> 2.2.1)
  - SDWebImage

SPEC REPOS:
  trunk:
    - Pilgrim
    - SDWebImage

SPEC CHECKSUMS:
  Pilgrim: 2405ca56c45cf185f45d80663aa9edeeaeaa780e
  SDWebImage: 4ca2dc4eefae4224bea8f504251cda485a363745

PODFILE CHECKSUM: cecbdff3ba13157341f2b4f0447e26d8e06d4016

COCOAPODS: 1.8.4
